
Microsoft Visual Studio Solution File, Format Version 12.00
# Visual Studio 14
VisualStudioVersion = 14.0.25420.1
MinimumVisualStudioVersion = 10.0.40219.1
Project("{FAE04EC0-301F-11D3-BF4B-00C04F79EFBC}") = "Sipolen.ExcelTools", "Sipolen.ExcelTools\Sipolen.ExcelTools.csproj", "{24F8BB96-8724-4A54-9D46-E3757F12D300}"
EndProject
Project("{FAE04EC0-301F-11D3-BF4B-00C04F79EFBC}") = "Sipolen.Code", "Sipolen.Code\Sipolen.Code.csproj", "{038B58C1-5A9C-4608-B6FD-FA4D04EC69C1}"
EndProject
Global
	GlobalSection(SolutionConfigurationPlatforms) = preSolution
		Debug|Any CPU = Debug|Any CPU
		Release|Any CPU = Release|Any CPU
	EndGlobalSection
	GlobalSection(ProjectConfigurationPlatforms) = postSolution
		{24F8BB96-8724-4A54-9D46-E3757F12D300}.Debug|Any CPU.ActiveCfg = Debug|Any CPU
		{24F8BB96-8724-4A54-9D46-E3757F12D300}.Debug|Any CPU.Build.0 = Debug|Any CPU
		{24F8BB96-8724-4A54-9D46-E3757F12D300}.Release|Any CPU.ActiveCfg = Release|Any CPU
		{24F8BB96-8724-4A54-9D46-E3757F12D300}.Release|Any CPU.Build.0 = Release|Any CPU
		{038B58C1-5A9C-4608-B6FD-FA4D04EC69C1}.Debug|Any CPU.ActiveCfg = Debug|Any CPU
		{038B58C1-5A9C-4608-B6FD-FA4D04EC69C1}.Debug|Any CPU.Build.0 = Debug|Any CPU
		{038B58C1-5A9C-4608-B6FD-FA4D04EC69C1}.Release|Any CPU.ActiveCfg = Release|Any CPU
		{038B58C1-5A9C-4608-B6FD-FA4D04EC69C1}.Release|Any CPU.Build.0 = Release|Any CPU
	EndGlobalSection
	GlobalSection(SolutionProperties) = preSolution
		HideSolutionNode = FALSE
	EndGlobalSection
EndGlobal
